# THIS IS AN AUTOGENERATED FILE. DO NOT EDIT THIS FILE DIRECTLY.
# yarn lockfile v1


balanced-match@^1.0.0:
  version "1.0.0"
  resolved "https://registry.yarnpkg.com/balanced-match/-/balanced-match-1.0.0.tgz#89b4d199ab2bee49de164ea02b89ce462d71b767"

bluebird@^3.0.6:
  version "3.5.1"
  resolved "https://registry.yarnpkg.com/bluebird/-/bluebird-3.5.1.tgz#d9551f9de98f1fcda1e683d17ee91a0602ee2eb9"

brace-expansion@^1.1.7:
  version "1.1.11"
  resolved "https://registry.yarnpkg.com/brace-expansion/-/brace-expansion-1.1.11.tgz#3c7fcbf529d87226f3d2f52b966ff5271eb441dd"
  dependencies:
    balanced-match "^1.0.0"
    concat-map "0.0.1"

concat-map@0.0.1:
  version "0.0.1"
  resolved "https://registry.yarnpkg.com/concat-map/-/concat-map-0.0.1.tgz#d8a96bd77fd68df7793a73036a3ba0d5405d477b"

core-js@~2.3.0:
  version "2.3.0"
  resolved "https://registry.yarnpkg.com/core-js/-/core-js-2.3.0.tgz#fab83fbb0b2d8dc85fa636c4b9d34c75420c6d65"

core-util-is@~1.0.0:
  version "1.0.2"
  resolved "https://registry.yarnpkg.com/core-util-is/-/core-util-is-1.0.2.tgz#b5fd54220aa2bc5ab57aab7140c940754503c1a7"

es6-promise@~3.0.2:
  version "3.0.2"
  resolved "https://registry.yarnpkg.com/es6-promise/-/es6-promise-3.0.2.tgz#010d5858423a5f118979665f46486a95c6ee2bb6"

fs-extra@^7.0.0:
  version "7.0.0"
  resolved "https://registry.yarnpkg.com/fs-extra/-/fs-extra-7.0.0.tgz#8cc3f47ce07ef7b3593a11b9fb245f7e34c041d6"
  dependencies:
    graceful-fs "^4.1.2"
    jsonfile "^4.0.0"
    universalify "^0.1.0"

fs.realpath@^1.0.0:
  version "1.0.0"
  resolved "https://registry.yarnpkg.com/fs.realpath/-/fs.realpath-1.0.0.tgz#1504ad2523158caa40db4a2787cb01411994ea4f"

glob-all@^3.1.0:
  version "3.1.0"
  resolved "https://registry.yarnpkg.com/glob-all/-/glob-all-3.1.0.tgz#8913ddfb5ee1ac7812656241b03d5217c64b02ab"
  dependencies:
    glob "^7.0.5"
    yargs "~1.2.6"

glob@^7.0.5:
  version "7.1.2"
  resolved "https://registry.yarnpkg.com/glob/-/glob-7.1.2.tgz#c19c9df9a028702d678612384a6552404c636d15"
  dependencies:
    fs.realpath "^1.0.0"
    inflight "^1.0.4"
    inherits "2"
    minimatch "^3.0.4"
    once "^1.3.0"
    path-is-absolute "^1.0.0"

graceful-fs@^4.1.2, graceful-fs@^4.1.6:
  version "4.1.11"
  resolved "https://registry.yarnpkg.com/graceful-fs/-/graceful-fs-4.1.11.tgz#0e8bdfe4d1ddb8854d64e04ea7c00e2a026e5658"

immediate@~3.0.5:
  version "3.0.6"
  resolved "https://registry.yarnpkg.com/immediate/-/immediate-3.0.6.tgz#9db1dbd0faf8de6fbe0f5dd5e56bb606280de69b"

inflight@^1.0.4:
  version "1.0.6"
  resolved "https://registry.yarnpkg.com/inflight/-/inflight-1.0.6.tgz#49bd6331d7d02d0c09bc910a1075ba8165b56df9"
  dependencies:
    once "^1.3.0"
    wrappy "1"

inherits@2, inherits@~2.0.1:
  version "2.0.3"
  resolved "https://registry.yarnpkg.com/inherits/-/inherits-2.0.3.tgz#633c2c83e3da42a502f52466022480f4208261de"

is-wsl@^1.1.0:
  version "1.1.0"
  resolved "https://registry.yarnpkg.com/is-wsl/-/is-wsl-1.1.0.tgz#1f16e4aa22b04d1336b66188a66af3c600c3a66d"

isarray@~1.0.0:
  version "1.0.0"
  resolved "https://registry.yarnpkg.com/isarray/-/isarray-1.0.0.tgz#bb935d48582cba168c06834957a54a3e07124f11"

jsonfile@^4.0.0:
  version "4.0.0"
  resolved "https://registry.yarnpkg.com/jsonfile/-/jsonfile-4.0.0.tgz#8771aae0799b64076b76640fca058f9c10e33ecb"
  optionalDependencies:
    graceful-fs "^4.1.6"

jszip@^3.1.0:
  version "3.1.5"
  resolved "https://registry.yarnpkg.com/jszip/-/jszip-3.1.5.tgz#e3c2a6c6d706ac6e603314036d43cd40beefdf37"
  dependencies:
    core-js "~2.3.0"
    es6-promise "~3.0.2"
    lie "~3.1.0"
    pako "~1.0.2"
    readable-stream "~2.0.6"

lie@~3.1.0:
  version "3.1.1"
  resolved "https://registry.yarnpkg.com/lie/-/lie-3.1.1.tgz#9a436b2cc7746ca59de7a41fa469b3efb76bd87e"
  dependencies:
    immediate "~3.0.5"

lodash.get@^4.4.2:
  version "4.4.2"
  resolved "https://registry.yarnpkg.com/lodash.get/-/lodash.get-4.4.2.tgz#2d177f652fa31e939b4438d5341499dfa3825e99"

lodash.set@^4.3.2:
  version "4.3.2"
  resolved "https://registry.yarnpkg.com/lodash.set/-/lodash.set-4.3.2.tgz#d8757b1da807dde24816b0d6a84bea1a76230b23"

lodash.uniqby@^4.0.0:
  version "4.7.0"
  resolved "https://registry.yarnpkg.com/lodash.uniqby/-/lodash.uniqby-4.7.0.tgz#d99c07a669e9e6d24e1362dfe266c67616af1302"

lodash.values@^4.3.0:
  version "4.3.0"
  resolved "https://registry.yarnpkg.com/lodash.values/-/lodash.values-4.3.0.tgz#a3a6c2b0ebecc5c2cba1c17e6e620fe81b53d347"

minimatch@^3.0.4:
  version "3.0.4"
  resolved "https://registry.yarnpkg.com/minimatch/-/minimatch-3.0.4.tgz#5166e286457f03306064be5497e8dbb0c3d32083"
  dependencies:
    brace-expansion "^1.1.7"

minimist@^0.1.0:
  version "0.1.0"
  resolved "https://registry.yarnpkg.com/minimist/-/minimist-0.1.0.tgz#99df657a52574c21c9057497df742790b2b4c0de"

once@^1.3.0:
  version "1.4.0"
  resolved "https://registry.yarnpkg.com/once/-/once-1.4.0.tgz#583b1aa775961d4b113ac17d9c50baef9dd76bd1"
  dependencies:
    wrappy "1"

pako@~1.0.2:
  version "1.0.6"
  resolved "https://registry.yarnpkg.com/pako/-/pako-1.0.6.tgz#0101211baa70c4bca4a0f63f2206e97b7dfaf258"

path-is-absolute@^1.0.0:
  version "1.0.1"
  resolved "https://registry.yarnpkg.com/path-is-absolute/-/path-is-absolute-1.0.1.tgz#174b9268735534ffbc7ace6bf53a5a9e1b5c5f5f"

process-nextick-args@~1.0.6:
  version "1.0.7"
  resolved "https://registry.yarnpkg.com/process-nextick-args/-/process-nextick-args-1.0.7.tgz#150e20b756590ad3f91093f25a4f2ad8bff30ba3"

readable-stream@~2.0.6:
  version "2.0.6"
  resolved "https://registry.yarnpkg.com/readable-stream/-/readable-stream-2.0.6.tgz#8f90341e68a53ccc928788dacfcd11b36eb9b78e"
  dependencies:
    core-util-is "~1.0.0"
    inherits "~2.0.1"
    isarray "~1.0.0"
    process-nextick-args "~1.0.6"
    string_decoder "~0.10.x"
    util-deprecate "~1.0.1"

rimraf@^2.6.2:
  version "2.6.2"
  resolved "https://registry.yarnpkg.com/rimraf/-/rimraf-2.6.2.tgz#2ed8150d24a16ea8651e6d6ef0f47c4158ce7a36"
  dependencies:
    glob "^7.0.5"

serverless-python-requirements@^4.1.1:
  version "4.1.1"
  resolved "https://registry.yarnpkg.com/serverless-python-requirements/-/serverless-python-requirements-4.1.1.tgz#3f2ccc14667db413da03040b6751fddb545ccdc7"
  dependencies:
    bluebird "^3.0.6"
    fs-extra "^7.0.0"
    glob-all "^3.1.0"
    is-wsl "^1.1.0"
    jszip "^3.1.0"
    lodash.get "^4.4.2"
    lodash.set "^4.3.2"
    lodash.uniqby "^4.0.0"
    lodash.values "^4.3.0"
    rimraf "^2.6.2"

string_decoder@~0.10.x:
  version "0.10.31"
  resolved "https://registry.yarnpkg.com/string_decoder/-/string_decoder-0.10.31.tgz#62e203bc41766c6c28c9fc84301dab1c5310fa94"

universalify@^0.1.0:
  version "0.1.2"
  resolved "https://registry.yarnpkg.com/universalify/-/universalify-0.1.2.tgz#b646f69be3942dabcecc9d6639c80dc105efaa66"

util-deprecate@~1.0.1:
  version "1.0.2"
  resolved "https://registry.yarnpkg.com/util-deprecate/-/util-deprecate-1.0.2.tgz#450d4dc9fa70de732762fbd2d4a28981419a0ccf"

wrappy@1:
  version "1.0.2"
  resolved "https://registry.yarnpkg.com/wrappy/-/wrappy-1.0.2.tgz#b5243d8f3ec1aa35f1364605bc0d1036e30ab69f"

yargs@~1.2.6:
  version "1.2.6"
  resolved "https://registry.yarnpkg.com/yargs/-/yargs-1.2.6.tgz#9c7b4a82fd5d595b2bf17ab6dcc43135432fe34b"
  dependencies:
    minimist "^0.1.0"
